
Microsoft Visual Studio Solution File, Format Version 12.00
# Visual Studio Version 17
VisualStudioVersion = 17.4.33110.190
MinimumVisualStudioVersion = 10.0.40219.1
Project("{FAE04EC0-301F-11D3-BF4B-00C04F79EFBC}") = "AkkaDemo", "AkkaDemo\AkkaDemo.csproj", "{7CDB03DD-F5A3-48AE-B552-CAEBA97FB77C}"
EndProject
Global
	GlobalSection(SolutionConfigurationPlatforms) = preSolution
		Debug|Any CPU = Debug|Any CPU
		Release|Any CPU = Release|Any CPU
	EndGlobalSection
	GlobalSection(ProjectConfigurationPlatforms) = postSolution
		{7CDB03DD-F5A3-48AE-B552-CAEBA97FB77C}.Debug|Any CPU.ActiveCfg = Debug|Any CPU
		{7CDB03DD-F5A3-48AE-B552-CAEBA97FB77C}.Debug|Any CPU.Build.0 = Debug|Any CPU
		{7CDB03DD-F5A3-48AE-B552-CAEBA97FB77C}.Release|Any CPU.ActiveCfg = Release|Any CPU
		{7CDB03DD-F5A3-48AE-B552-CAEBA97FB77C}.Release|Any CPU.Build.0 = Release|Any CPU
	EndGlobalSection
	GlobalSection(SolutionProperties) = preSolution
		HideSolutionNode = FALSE
	EndGlobalSection
	GlobalSection(ExtensibilityGlobals) = postSolution
		SolutionGuid = {C17FFBBC-0CEA-4107-B041-26481273E4B9}
	EndGlobalSection
EndGlobal
